// !$*UTF8*$!
{
	archiveVersion = 1;
	classes = {
	};
	objectVersion = 46;
	objects = {

/* Begin PBXBuildFile section */
		8321462F1A9B75F3004EBBE4 /* main.m in Sources */ = {isa = PBXBuildFile; fileRef = 8321462E1A9B75F3004EBBE4 /* main.m */; };
		832146321A9B75F3004EBBE4 /* AppDelegate.m in Sources */ = {isa = PBXBuildFile; fileRef = 832146311A9B75F3004EBBE4 /* AppDelegate.m */; };
		832146351A9B75F3004EBBE4 /* ViewController.m in Sources */ = {isa = PBXBuildFile; fileRef = 832146341A9B75F3004EBBE4 /* ViewController.m */; };
		832146381A9B75F3004EBBE4 /* Main.storyboard in Resources */ = {isa = PBXBuildFile; fileRef = 832146361A9B75F3004EBBE4 /* Main.storyboard */; };
		8321463A1A9B75F3004EBBE4 /* Images.xcassets in Resources */ = {isa = PBXBuildFile; fileRef = 832146391A9B75F3004EBBE4 /* Images.xcassets */; };
		8321463D1A9B75F3004EBBE4 /* LaunchScreen.xib in Resources */ = {isa = PBXBuildFile; fileRef = 8321463B1A9B75F3004EBBE4 /* LaunchScreen.xib */; };
		832146491A9B75F3004EBBE4 /* GT_WarmUp_iOSTests.m in Sources */ = {isa = PBXBuildFile; fileRef = 832146481A9B75F3004EBBE4 /* GT_WarmUp_iOSTests.m */; };
		832146581A9B7BAF004EBBE4 /* WUXPhoto.m in Sources */ = {isa = PBXBuildFile; fileRef = 832146571A9B7BAF004EBBE4 /* WUXPhoto.m */; };
		8321465B1A9B7D91004EBBE4 /* WUXProfileViewController.m in Sources */ = {isa = PBXBuildFile; fileRef = 8321465A1A9B7D91004EBBE4 /* WUXProfileViewController.m */; };
		8321465E1A9B7DC5004EBBE4 /* WUXAlbumViewController.m in Sources */ = {isa = PBXBuildFile; fileRef = 8321465D1A9B7DC5004EBBE4 /* WUXAlbumViewController.m */; };
		832146611A9B7DDD004EBBE4 /* WUXPhotoDetailViewController.m in Sources */ = {isa = PBXBuildFile; fileRef = 832146601A9B7DDD004EBBE4 /* WUXPhotoDetailViewController.m */; };
		832146641A9B7E03004EBBE4 /* WUXFavouriteViewController.m in Sources */ = {isa = PBXBuildFile; fileRef = 832146631A9B7E03004EBBE4 /* WUXFavouriteViewController.m */; };
		832146681A9B7E65004EBBE4 /* WUXAlbumCollectionViewCell.m in Sources */ = {isa = PBXBuildFile; fileRef = 832146671A9B7E65004EBBE4 /* WUXAlbumCollectionViewCell.m */; };
		A8B861FB3964411D8D9F6854 /* libPods.a in Frameworks */ = {isa = PBXBuildFile; fileRef = 4100FFB4FD68BEC5BFB3BB6D /* libPods.a */; };
/* End PBXBuildFile section */

/* Begin PBXContainerItemProxy section */
		832146431A9B75F3004EBBE4 /* PBXContainerItemProxy */ = {
			isa = PBXContainerItemProxy;
			containerPortal = 832146211A9B75F2004EBBE4 /* Project object */;
			proxyType = 1;
			remoteGlobalIDString = 832146281A9B75F3004EBBE4;
			remoteInfo = GT_WarmUp_iOS;
		};
/* End PBXContainerItemProxy section */

/* Begin PBXFileReference section */
		158A0E312C34B95F548C5240 /* Pods.debug.xcconfig */ = {isa = PBXFileReference; includeInIndex = 1; lastKnownFileType = text.xcconfig; name = Pods.debug.xcconfig; path = "Pods/Target Support Files/Pods/Pods.debug.xcconfig"; sourceTree = "<group>"; };
		2AC127D5B6E448258C63A747 /* Pods.release.xcconfig */ = {isa = PBXFileReference; includeInIndex = 1; lastKnownFileType = text.xcconfig; name = Pods.release.xcconfig; path = "Pods/Target Support Files/Pods/Pods.release.xcconfig"; sourceTree = "<group>"; };
		4100FFB4FD68BEC5BFB3BB6D /* libPods.a */ = {isa = PBXFileReference; explicitFileType = archive.ar; includeInIndex = 0; path = libPods.a; sourceTree = BUILT_PRODUCTS_DIR; };
		832146291A9B75F3004EBBE4 /* GT_WarmUp_iOS.app */ = {isa = PBXFileReference; explicitFileType = wrapper.application; includeInIndex = 0; path = GT_WarmUp_iOS.app; sourceTree = BUILT_PRODUCTS_DIR; };
		8321462D1A9B75F3004EBBE4 /* Info.plist */ = {isa = PBXFileReference; lastKnownFileType = text.plist.xml; path = Info.plist; sourceTree = "<group>"; };
		8321462E1A9B75F3004EBBE4 /* main.m */ = {isa = PBXFileReference; lastKnownFileType = sourcecode.c.objc; path = main.m; sourceTree = "<group>"; };
		832146301A9B75F3004EBBE4 /* AppDelegate.h */ = {isa = PBXFileReference; lastKnownFileType = sourcecode.c.h; path = AppDelegate.h; sourceTree = "<group>"; };
		832146311A9B75F3004EBBE4 /* AppDelegate.m */ = {isa = PBXFileReference; lastKnownFileType = sourcecode.c.objc; path = AppDelegate.m; sourceTree = "<group>"; };
		832146331A9B75F3004EBBE4 /* ViewController.h */ = {isa = PBXFileReference; lastKnownFileType = sourcecode.c.h; path = ViewController.h; sourceTree = "<group>"; };
		832146341A9B75F3004EBBE4 /* ViewController.m */ = {isa = PBXFileReference; lastKnownFileType = sourcecode.c.objc; path = ViewController.m; sourceTree = "<group>"; };
		832146371A9B75F3004EBBE4 /* Base */ = {isa = PBXFileReference; lastKnownFileType = file.storyboard; name = Base; path = Base.lproj/Main.storyboard; sourceTree = "<group>"; };
		832146391A9B75F3004EBBE4 /* Images.xcassets */ = {isa = PBXFileReference; lastKnownFileType = folder.assetcatalog; path = Images.xcassets; sourceTree = "<group>"; };
		8321463C1A9B75F3004EBBE4 /* Base */ = {isa = PBXFileReference; lastKnownFileType = file.xib; name = Base; path = Base.lproj/LaunchScreen.xib; sourceTree = "<group>"; };
		832146421A9B75F3004EBBE4 /* GT_WarmUp_iOSTests.xctest */ = {isa = PBXFileReference; explicitFileType = wrapper.cfbundle; includeInIndex = 0; path = GT_WarmUp_iOSTests.xctest; sourceTree = BUILT_PRODUCTS_DIR; };
		832146471A9B75F3004EBBE4 /* Info.plist */ = {isa = PBXFileReference; lastKnownFileType = text.plist.xml; path = Info.plist; sourceTree = "<group>"; };
		832146481A9B75F3004EBBE4 /* GT_WarmUp_iOSTests.m */ = {isa = PBXFileReference; lastKnownFileType = sourcecode.c.objc; path = GT_WarmUp_iOSTests.m; sourceTree = "<group>"; };
		832146561A9B7BAF004EBBE4 /* WUXPhoto.h */ = {isa = PBXFileReference; fileEncoding = 4; lastKnownFileType = sourcecode.c.h; name = WUXPhoto.h; path = Model/WUXPhoto.h; sourceTree = "<group>"; };
		832146571A9B7BAF004EBBE4 /* WUXPhoto.m */ = {isa = PBXFileReference; fileEncoding = 4; lastKnownFileType = sourcecode.c.objc; name = WUXPhoto.m; path = Model/WUXPhoto.m; sourceTree = "<group>"; };
		832146591A9B7D91004EBBE4 /* WUXProfileViewController.h */ = {isa = PBXFileReference; fileEncoding = 4; lastKnownFileType = sourcecode.c.h; name = WUXProfileViewController.h; path = Profile/WUXProfileViewController.h; sourceTree = "<group>"; };
		8321465A1A9B7D91004EBBE4 /* WUXProfileViewController.m */ = {isa = PBXFileReference; fileEncoding = 4; lastKnownFileType = sourcecode.c.objc; name = WUXProfileViewController.m; path = Profile/WUXProfileViewController.m; sourceTree = "<group>"; };
		8321465C1A9B7DC5004EBBE4 /* WUXAlbumViewController.h */ = {isa = PBXFileReference; fileEncoding = 4; lastKnownFileType = sourcecode.c.h; name = WUXAlbumViewController.h; path = Album/WUXAlbumViewController.h; sourceTree = "<group>"; };
		8321465D1A9B7DC5004EBBE4 /* WUXAlbumViewController.m */ = {isa = PBXFileReference; fileEncoding = 4; lastKnownFileType = sourcecode.c.objc; name = WUXAlbumViewController.m; path = Album/WUXAlbumViewController.m; sourceTree = "<group>"; };
		8321465F1A9B7DDD004EBBE4 /* WUXPhotoDetailViewController.h */ = {isa = PBXFileReference; fileEncoding = 4; lastKnownFileType = sourcecode.c.h; name = WUXPhotoDetailViewController.h; path = Album/WUXPhotoDetailViewController.h; sourceTree = "<group>"; };
		832146601A9B7DDD004EBBE4 /* WUXPhotoDetailViewController.m */ = {isa = PBXFileReference; fileEncoding = 4; lastKnownFileType = sourcecode.c.objc; name = WUXPhotoDetailViewController.m; path = Album/WUXPhotoDetailViewController.m; sourceTree = "<group>"; };
		832146621A9B7E03004EBBE4 /* WUXFavouriteViewController.h */ = {isa = PBXFileReference; fileEncoding = 4; lastKnownFileType = sourcecode.c.h; name = WUXFavouriteViewController.h; path = Favourite/WUXFavouriteViewController.h; sourceTree = "<group>"; };
		832146631A9B7E03004EBBE4 /* WUXFavouriteViewController.m */ = {isa = PBXFileReference; fileEncoding = 4; lastKnownFileType = sourcecode.c.objc; name = WUXFavouriteViewController.m; path = Favourite/WUXFavouriteViewController.m; sourceTree = "<group>"; };
		832146661A9B7E65004EBBE4 /* WUXAlbumCollectionViewCell.h */ = {isa = PBXFileReference; fileEncoding = 4; lastKnownFileType = sourcecode.c.h; name = WUXAlbumCollectionViewCell.h; path = View/WUXAlbumCollectionViewCell.h; sourceTree = "<group>"; };
		832146671A9B7E65004EBBE4 /* WUXAlbumCollectionViewCell.m */ = {isa = PBXFileReference; fileEncoding = 4; lastKnownFileType = sourcecode.c.objc; name = WUXAlbumCollectionViewCell.m; path = View/WUXAlbumCollectionViewCell.m; sourceTree = "<group>"; };
/* End PBXFileReference section */

/* Begin PBXFrameworksBuildPhase section */
		832146261A9B75F3004EBBE4 /* Frameworks */ = {
			isa = PBXFrameworksBuildPhase;
			buildActionMask = 2147483647;
			files = (
				A8B861FB3964411D8D9F6854 /* libPods.a in Frameworks */,
			);
			runOnlyForDeploymentPostprocessing = 0;
		};
		8321463F1A9B75F3004EBBE4 /* Frameworks */ = {
			isa = PBXFrameworksBuildPhase;
			buildActionMask = 2147483647;
			files = (
			);
			runOnlyForDeploymentPostprocessing = 0;
		};
/* End PBXFrameworksBuildPhase section */

/* Begin PBXGroup section */
		832146201A9B75F2004EBBE4 = {
			isa = PBXGroup;
			children = (
				8321462B1A9B75F3004EBBE4 /* GT_WarmUp_iOS */,
				832146451A9B75F3004EBBE4 /* GT_WarmUp_iOSTests */,
				8321462A1A9B75F3004EBBE4 /* Products */,
				FA23E78716725C1B30133E4E /* Pods */,
				BF2C12025EA83B9AD6B50197 /* Frameworks */,
			);
			sourceTree = "<group>";
		};
		8321462A1A9B75F3004EBBE4 /* Products */ = {
			isa = PBXGroup;
			children = (
				832146291A9B75F3004EBBE4 /* GT_WarmUp_iOS.app */,
				832146421A9B75F3004EBBE4 /* GT_WarmUp_iOSTests.xctest */,
			);
			name = Products;
			sourceTree = "<group>";
		};
		8321462B1A9B75F3004EBBE4 /* GT_WarmUp_iOS */ = {
			isa = PBXGroup;
			children = (
				832146651A9B7E41004EBBE4 /* View */,
				832146551A9B7B85004EBBE4 /* Model */,
				832146521A9B7B33004EBBE4 /* Profile */,
				832146531A9B7B3C004EBBE4 /* Album */,
				832146541A9B7B43004EBBE4 /* Favourite */,
				832146301A9B75F3004EBBE4 /* AppDelegate.h */,
				832146311A9B75F3004EBBE4 /* AppDelegate.m */,
				832146331A9B75F3004EBBE4 /* ViewController.h */,
				832146341A9B75F3004EBBE4 /* ViewController.m */,
				832146361A9B75F3004EBBE4 /* Main.storyboard */,
				832146391A9B75F3004EBBE4 /* Images.xcassets */,
				8321463B1A9B75F3004EBBE4 /* LaunchScreen.xib */,
				8321462C1A9B75F3004EBBE4 /* Supporting Files */,
			);
			path = GT_WarmUp_iOS;
			sourceTree = "<group>";
		};
		8321462C1A9B75F3004EBBE4 /* Supporting Files */ = {
			isa = PBXGroup;
			children = (
				8321462D1A9B75F3004EBBE4 /* Info.plist */,
				8321462E1A9B75F3004EBBE4 /* main.m */,
			);
			name = "Supporting Files";
			sourceTree = "<group>";
		};
		832146451A9B75F3004EBBE4 /* GT_WarmUp_iOSTests */ = {
			isa = PBXGroup;
			children = (
				832146481A9B75F3004EBBE4 /* GT_WarmUp_iOSTests.m */,
				832146461A9B75F3004EBBE4 /* Supporting Files */,
			);
			path = GT_WarmUp_iOSTests;
			sourceTree = "<group>";
		};
		832146461A9B75F3004EBBE4 /* Supporting Files */ = {
			isa = PBXGroup;
			children = (
				832146471A9B75F3004EBBE4 /* Info.plist */,
			);
			name = "Supporting Files";
			sourceTree = "<group>";
		};
		832146521A9B7B33004EBBE4 /* Profile */ = {
			isa = PBXGroup;
			children = (
				832146591A9B7D91004EBBE4 /* WUXProfileViewController.h */,
				8321465A1A9B7D91004EBBE4 /* WUXProfileViewController.m */,
			);
			name = Profile;
			sourceTree = "<group>";
		};
		832146531A9B7B3C004EBBE4 /* Album */ = {
			isa = PBXGroup;
			children = (
				8321465C1A9B7DC5004EBBE4 /* WUXAlbumViewController.h */,
				8321465D1A9B7DC5004EBBE4 /* WUXAlbumViewController.m */,
				8321465F1A9B7DDD004EBBE4 /* WUXPhotoDetailViewController.h */,
				832146601A9B7DDD004EBBE4 /* WUXPhotoDetailViewController.m */,
			);
			name = Album;
			sourceTree = "<group>";
		};
		832146541A9B7B43004EBBE4 /* Favourite */ = {
			isa = PBXGroup;
			children = (
				832146621A9B7E03004EBBE4 /* WUXFavouriteViewController.h */,
				832146631A9B7E03004EBBE4 /* WUXFavouriteViewController.m */,
			);
			name = Favourite;
			sourceTree = "<group>";
		};
		832146551A9B7B85004EBBE4 /* Model */ = {
			isa = PBXGroup;
			children = (
				832146561A9B7BAF004EBBE4 /* WUXPhoto.h */,
				832146571A9B7BAF004EBBE4 /* WUXPhoto.m */,
			);
			name = Model;
			sourceTree = "<group>";
		};
		832146651A9B7E41004EBBE4 /* View */ = {
			isa = PBXGroup;
			children = (
				832146661A9B7E65004EBBE4 /* WUXAlbumCollectionViewCell.h */,
				832146671A9B7E65004EBBE4 /* WUXAlbumCollectionViewCell.m */,
			);
			name = View;
			sourceTree = "<group>";
		};
		BF2C12025EA83B9AD6B50197 /* Frameworks */ = {
			isa = PBXGroup;
			children = (
				4100FFB4FD68BEC5BFB3BB6D /* libPods.a */,
			);
			name = Frameworks;
			sourceTree = "<group>";
		};
		FA23E78716725C1B30133E4E /* Pods */ = {
			isa = PBXGroup;
			children = (
				158A0E312C34B95F548C5240 /* Pods.debug.xcconfig */,
				2AC127D5B6E448258C63A747 /* Pods.release.xcconfig */,
			);
			name = Pods;
			sourceTree = "<group>";
		};
/* End PBXGroup section */

/* Begin PBXNativeTarget section */
		832146281A9B75F3004EBBE4 /* GT_WarmUp_iOS */ = {
			isa = PBXNativeTarget;
			buildConfigurationList = 8321464C1A9B75F3004EBBE4 /* Build configuration list for PBXNativeTarget "GT_WarmUp_iOS" */;
			buildPhases = (
				EACE287364F7E8280000A4D7 /* Check Pods Manifest.lock */,
				832146251A9B75F3004EBBE4 /* Sources */,
				832146261A9B75F3004EBBE4 /* Frameworks */,
				832146271A9B75F3004EBBE4 /* Resources */,
				C3710F7490FA135EE15DF881 /* Copy Pods Resources */,
			);
			buildRules = (
			);
			dependencies = (
			);
			name = GT_WarmUp_iOS;
			productName = GT_WarmUp_iOS;
			productReference = 832146291A9B75F3004EBBE4 /* GT_WarmUp_iOS.app */;
			productType = "com.apple.product-type.application";
		};
		832146411A9B75F3004EBBE4 /* GT_WarmUp_iOSTests */ = {
			isa = PBXNativeTarget;
			buildConfigurationList = 8321464F1A9B75F3004EBBE4 /* Build configuration list for PBXNativeTarget "GT_WarmUp_iOSTests" */;
			buildPhases = (
				8321463E1A9B75F3004EBBE4 /* Sources */,
				8321463F1A9B75F3004EBBE4 /* Frameworks */,
				832146401A9B75F3004EBBE4 /* Resources */,
			);
			buildRules = (
			);
			dependencies = (
				832146441A9B75F3004EBBE4 /* PBXTargetDependency */,
			);
			name = GT_WarmUp_iOSTests;
			productName = GT_WarmUp_iOSTests;
			productReference = 832146421A9B75F3004EBBE4 /* GT_WarmUp_iOSTests.xctest */;
			productType = "com.apple.product-type.bundle.unit-test";
		};
/* End PBXNativeTarget section */

/* Begin PBXProject section */
		832146211A9B75F2004EBBE4 /* Project object */ = {
			isa = PBXProject;
			attributes = {
				CLASSPREFIX = WUX;
				LastUpgradeCheck = 0610;
				ORGANIZATIONNAME = "Green Tomato";
				TargetAttributes = {
					832146281A9B75F3004EBBE4 = {
						CreatedOnToolsVersion = 6.1.1;
					};
					832146411A9B75F3004EBBE4 = {
						CreatedOnToolsVersion = 6.1.1;
						TestTargetID = 832146281A9B75F3004EBBE4;
					};
				};
			};
			buildConfigurationList = 832146241A9B75F2004EBBE4 /* Build configuration list for PBXProject "GT_WarmUp_iOS" */;
			compatibilityVersion = "Xcode 3.2";
			developmentRegion = English;
			hasScannedForEncodings = 0;
			knownRegions = (
				en,
				Base,
			);
			mainGroup = 832146201A9B75F2004EBBE4;
			productRefGroup = 8321462A1A9B75F3004EBBE4 /* Products */;
			projectDirPath = "";
			projectRoot = "";
			targets = (
				832146281A9B75F3004EBBE4 /* GT_WarmUp_iOS */,
				832146411A9B75F3004EBBE4 /* GT_WarmUp_iOSTests */,
			);
		};
/* End PBXProject section */

/* Begin PBXResourcesBuildPhase section */
		832146271A9B75F3004EBBE4 /* Resources */ = {
			isa = PBXResourcesBuildPhase;
			buildActionMask = 2147483647;
			files = (
				832146381A9B75F3004EBBE4 /* Main.storyboard in Resources */,
				8321463D1A9B75F3004EBBE4 /* LaunchScreen.xib in Resources */,
				8321463A1A9B75F3004EBBE4 /* Images.xcassets in Resources */,
			);
			runOnlyForDeploymentPostprocessing = 0;
		};
		832146401A9B75F3004EBBE4 /* Resources */ = {
			isa = PBXResourcesBuildPhase;
			buildActionMask = 2147483647;
			files = (
			);
			runOnlyForDeploymentPostprocessing = 0;
		};
/* End PBXResourcesBuildPhase section */

/* Begin PBXShellScriptBuildPhase section */
		C3710F7490FA135EE15DF881 /* Copy Pods Resources */ = {
			isa = PBXShellScriptBuildPhase;
			buildActionMask = 2147483647;
			files = (
			);
			inputPaths = (
			);
			name = "Copy Pods Resources";
			outputPaths = (
			);
			runOnlyForDeploymentPostprocessing = 0;
			shellPath = /bin/sh;
			shellScript = "\"${SRCROOT}/Pods/Target Support Files/Pods/Pods-resources.sh\"\n";
			showEnvVarsInLog = 0;
		};
		EACE287364F7E8280000A4D7 /* Check Pods Manifest.lock */ = {
			isa = PBXShellScriptBuildPhase;
			buildActionMask = 2147483647;
			files = (
			);
			inputPaths = (
			);
			name = "Check Pods Manifest.lock";
			outputPaths = (
			);
			runOnlyForDeploymentPostprocessing = 0;
			shellPath = /bin/sh;
			shellScript = "diff \"${PODS_ROOT}/../Podfile.lock\" \"${PODS_ROOT}/Manifest.lock\" > /dev/null\nif [[ $? != 0 ]] ; then\n    cat << EOM\nerror: The sandbox is not in sync with the Podfile.lock. Run 'pod install' or update your CocoaPods installation.\nEOM\n    exit 1\nfi\n";
			showEnvVarsInLog = 0;
		};
/* End PBXShellScriptBuildPhase section */

/* Begin PBXSourcesBuildPhase section */
		832146251A9B75F3004EBBE4 /* Sources */ = {
			isa = PBXSourcesBuildPhase;
			buildActionMask = 2147483647;
			files = (
				832146611A9B7DDD004EBBE4 /* WUXPhotoDetailViewController.m in Sources */,
				832146351A9B75F3004EBBE4 /* ViewController.m in Sources */,
				8321465B1A9B7D91004EBBE4 /* WUXProfileViewController.m in Sources */,
				832146321A9B75F3004EBBE4 /* AppDelegate.m in Sources */,
				8321462F1A9B75F3004EBBE4 /* main.m in Sources */,
				832146581A9B7BAF004EBBE4 /* WUXPhoto.m in Sources */,
				832146681A9B7E65004EBBE4 /* WUXAlbumCollectionViewCell.m in Sources */,
				8321465E1A9B7DC5004EBBE4 /* WUXAlbumViewController.m in Sources */,
				832146641A9B7E03004EBBE4 /* WUXFavouriteViewController.m in Sources */,
			);
			runOnlyForDeploymentPostprocessing = 0;
		};
		8321463E1A9B75F3004EBBE4 /* Sources */ = {
			isa = PBXSourcesBuildPhase;
			buildActionMask = 2147483647;
			files = (
				832146491A9B75F3004EBBE4 /* GT_WarmUp_iOSTests.m in Sources */,
			);
			runOnlyForDeploymentPostprocessing = 0;
		};
/* End PBXSourcesBuildPhase section */

/* Begin PBXTargetDependency section */
		832146441A9B75F3004EBBE4 /* PBXTargetDependency */ = {
			isa = PBXTargetDependency;
			target = 832146281A9B75F3004EBBE4 /* GT_WarmUp_iOS */;
			targetProxy = 832146431A9B75F3004EBBE4 /* PBXContainerItemProxy */;
		};
/* End PBXTargetDependency section */

/* Begin PBXVariantGroup section */
		832146361A9B75F3004EBBE4 /* Main.storyboard */ = {
			isa = PBXVariantGroup;
			children = (
				832146371A9B75F3004EBBE4 /* Base */,
			);
			name = Main.storyboard;
			sourceTree = "<group>";
		};
		8321463B1A9B75F3004EBBE4 /* LaunchScreen.xib */ = {
			isa = PBXVariantGroup;
			children = (
				8321463C1A9B75F3004EBBE4 /* Base */,
			);
			name = LaunchScreen.xib;
			sourceTree = "<group>";
		};
/* End PBXVariantGroup section */

/* Begin XCBuildConfiguration section */
		8321464A1A9B75F3004EBBE4 /* Debug */ = {
			isa = XCBuildConfiguration;
			buildSettings = {
				ALWAYS_SEARCH_USER_PATHS = NO;
				CLANG_CXX_LANGUAGE_STANDARD = "gnu++0x";
				CLANG_CXX_LIBRARY = "libc++";
				CLANG_ENABLE_MODULES = YES;
				CLANG_ENABLE_OBJC_ARC = YES;
				CLANG_WARN_BOOL_CONVERSION = YES;
				CLANG_WARN_CONSTANT_CONVERSION = YES;
				CLANG_WARN_DIRECT_OBJC_ISA_USAGE = YES_ERROR;
				CLANG_WARN_EMPTY_BODY = YES;
				CLANG_WARN_ENUM_CONVERSION = YES;
				CLANG_WARN_INT_CONVERSION = YES;
				CLANG_WARN_OBJC_ROOT_CLASS = YES_ERROR;
				CLANG_WARN_UNREACHABLE_CODE = YES;
				CLANG_WARN__DUPLICATE_METHOD_MATCH = YES;
				"CODE_SIGN_IDENTITY[sdk=iphoneos*]" = "iPhone Developer";
				COPY_PHASE_STRIP = NO;
				ENABLE_STRICT_OBJC_MSGSEND = YES;
				GCC_C_LANGUAGE_STANDARD = gnu99;
				GCC_DYNAMIC_NO_PIC = NO;
				GCC_OPTIMIZATION_LEVEL = 0;
				GCC_PREPROCESSOR_DEFINITIONS = (
					"DEBUG=1",
					"$(inherited)",
				);
				GCC_SYMBOLS_PRIVATE_EXTERN = NO;
				GCC_WARN_64_TO_32_BIT_CONVERSION = YES;
				GCC_WARN_ABOUT_RETURN_TYPE = YES_ERROR;
				GCC_WARN_UNDECLARED_SELECTOR = YES;
				GCC_WARN_UNINITIALIZED_AUTOS = YES_AGGRESSIVE;
				GCC_WARN_UNUSED_FUNCTION = YES;
				GCC_WARN_UNUSED_VARIABLE = YES;
				IPHONEOS_DEPLOYMENT_TARGET = 8.1;
				MTL_ENABLE_DEBUG_INFO = YES;
				ONLY_ACTIVE_ARCH = YES;
				SDKROOT = iphoneos;
			};
			name = Debug;
		};
		8321464B1A9B75F3004EBBE4 /* Release */ = {
			isa = XCBuildConfiguration;
			buildSettings = {
				ALWAYS_SEARCH_USER_PATHS = NO;
				CLANG_CXX_LANGUAGE_STANDARD = "gnu++0x";
				CLANG_CXX_LIBRARY = "libc++";
				CLANG_ENABLE_MODULES = YES;
				CLANG_ENABLE_OBJC_ARC = YES;
				CLANG_WARN_BOOL_CONVERSION = YES;
				CLANG_WARN_CONSTANT_CONVERSION = YES;
				CLANG_WARN_DIRECT_OBJC_ISA_USAGE = YES_ERROR;
				CLANG_WARN_EMPTY_BODY = YES;
				CLANG_WARN_ENUM_CONVERSION = YES;
				CLANG_WARN_INT_CONVERSION = YES;
				CLANG_WARN_OBJC_ROOT_CLASS = YES_ERROR;
				CLANG_WARN_UNREACHABLE_CODE = YES;
				CLANG_WARN__DUPLICATE_METHOD_MATCH = YES;
				"CODE_SIGN_IDENTITY[sdk=iphoneos*]" = "iPhone Developer";
				COPY_PHASE_STRIP = YES;
				ENABLE_NS_ASSERTIONS = NO;
				ENABLE_STRICT_OBJC_MSGSEND = YES;
				GCC_C_LANGUAGE_STANDARD = gnu99;
				GCC_WARN_64_TO_32_BIT_CONVERSION = YES;
				GCC_WARN_ABOUT_RETURN_TYPE = YES_ERROR;
				GCC_WARN_UNDECLARED_SELECTOR = YES;
				GCC_WARN_UNINITIALIZED_AUTOS = YES_AGGRESSIVE;
				GCC_WARN_UNUSED_FUNCTION = YES;
				GCC_WARN_UNUSED_VARIABLE = YES;
				IPHONEOS_DEPLOYMENT_TARGET = 8.1;
				MTL_ENABLE_DEBUG_INFO = NO;
				SDKROOT = iphoneos;
				VALIDATE_PRODUCT = YES;
			};
			name = Release;
		};
		8321464D1A9B75F3004EBBE4 /* Debug */ = {
			isa = XCBuildConfiguration;
			baseConfigurationReference = 158A0E312C34B95F548C5240 /* Pods.debug.xcconfig */;
			buildSettings = {
				ASSETCATALOG_COMPILER_APPICON_NAME = AppIcon;
				INFOPLIST_FILE = GT_WarmUp_iOS/Info.plist;
				IPHONEOS_DEPLOYMENT_TARGET = 7.0;
				LD_RUNPATH_SEARCH_PATHS = "$(inherited) @executable_path/Frameworks";
				PRODUCT_NAME = "$(TARGET_NAME)";
			};
			name = Debug;
		};
		8321464E1A9B75F3004EBBE4 /* Release */ = {
			isa = XCBuildConfiguration;
			baseConfigurationReference = 2AC127D5B6E448258C63A747 /* Pods.release.xcconfig */;
			buildSettings = {
				ASSETCATALOG_COMPILER_APPICON_NAME = AppIcon;
				INFOPLIST_FILE = GT_WarmUp_iOS/Info.plist;
				IPHONEOS_DEPLOYMENT_TARGET = 7.0;
				LD_RUNPATH_SEARCH_PATHS = "$(inherited) @executable_path/Frameworks";
				PRODUCT_NAME = "$(TARGET_NAME)";
			};
			name = Release;
		};
		832146501A9B75F3004EBBE4 /* Debug */ = {
			isa = XCBuildConfiguration;
			buildSettings = {
				BUNDLE_LOADER = "$(TEST_HOST)";
				FRAMEWORK_SEARCH_PATHS = (
					"$(SDKROOT)/Developer/Library/Frameworks",
					"$(inherited)",
				);
				GCC_PREPROCESSOR_DEFINITIONS = (
					"DEBUG=1",
					"$(inherited)",
				);
				INFOPLIST_FILE = GT_WarmUp_iOSTests/Info.plist;
				LD_RUNPATH_SEARCH_PATHS = "$(inherited) @executable_path/Frameworks @loader_path/Frameworks";
				PRODUCT_NAME = "$(TARGET_NAME)";
				TEST_HOST = "$(BUILT_PRODUCTS_DIR)/GT_WarmUp_iOS.app/GT_WarmUp_iOS";
			};
			name = Debug;
		};
		832146511A9B75F3004EBBE4 /* Release */ = {
			isa = XCBuildConfiguration;
			buildSettings = {
				BUNDLE_LOADER = "$(TEST_HOST)";
				FRAMEWORK_SEARCH_PATHS = (
					"$(SDKROOT)/Developer/Library/Frameworks",
					"$(inherited)",
				);
				INFOPLIST_FILE = GT_WarmUp_iOSTests/Info.plist;
				LD_RUNPATH_SEARCH_PATHS = "$(inherited) @executable_path/Frameworks @loader_path/Frameworks";
				PRODUCT_NAME = "$(TARGET_NAME)";
				TEST_HOST = "$(BUILT_PRODUCTS_DIR)/GT_WarmUp_iOS.app/GT_WarmUp_iOS";
			};
			name = Release;
		};
/* End XCBuildConfiguration section */

/* Begin XCConfigurationList section */
		832146241A9B75F2004EBBE4 /* Build configuration list for PBXProject "GT_WarmUp_iOS" */ = {
			isa = XCConfigurationList;
			buildConfigurations = (
				8321464A1A9B75F3004EBBE4 /* Debug */,
				8321464B1A9B75F3004EBBE4 /* Release */,
			);
			defaultConfigurationIsVisible = 0;
			defaultConfigurationName = Release;
		};
		8321464C1A9B75F3004EBBE4 /* Build configuration list for PBXNativeTarget "GT_WarmUp_iOS" */ = {
			isa = XCConfigurationList;
			buildConfigurations = (
				8321464D1A9B75F3004EBBE4 /* Debug */,
				8321464E1A9B75F3004EBBE4 /* Release */,
			);
			defaultConfigurationIsVisible = 0;
			defaultConfigurationName = Release;
		};
		8321464F1A9B75F3004EBBE4 /* Build configuration list for PBXNativeTarget "GT_WarmUp_iOSTests" */ = {
			isa = XCConfigurationList;
			buildConfigurations = (
				832146501A9B75F3004EBBE4 /* Debug */,
				832146511A9B75F3004EBBE4 /* Release */,
			);
			defaultConfigurationIsVisible = 0;
			defaultConfigurationName = Release;
		};
/* End XCConfigurationList section */
	};
	rootObject = 832146211A9B75F2004EBBE4 /* Project object */;
}
